
Microsoft Visual Studio Solution File, Format Version 12.00
# Visual Studio Version 16
VisualStudioVersion = 16.0.34301.259
MinimumVisualStudioVersion = 10.0.40219.1
Project("{FAE04EC0-301F-11D3-BF4B-00C04F79EFBC}") = "ParaleloEjem1", "ParaleloEjem1\ParaleloEjem1.csproj", "{4936F38A-918E-45DC-883D-90050C87C847}"
EndProject
Global
	GlobalSection(SolutionConfigurationPlatforms) = preSolution
		Debug|Any CPU = Debug|Any CPU
		Release|Any CPU = Release|Any CPU
	EndGlobalSection
	GlobalSection(ProjectConfigurationPlatforms) = postSolution
		{4936F38A-918E-45DC-883D-90050C87C847}.Debug|Any CPU.ActiveCfg = Debug|Any CPU
		{4936F38A-918E-45DC-883D-90050C87C847}.Debug|Any CPU.Build.0 = Debug|Any CPU
		{4936F38A-918E-45DC-883D-90050C87C847}.Release|Any CPU.ActiveCfg = Release|Any CPU
		{4936F38A-918E-45DC-883D-90050C87C847}.Release|Any CPU.Build.0 = Release|Any CPU
	EndGlobalSection
	GlobalSection(SolutionProperties) = preSolution
		HideSolutionNode = FALSE
	EndGlobalSection
	GlobalSection(ExtensibilityGlobals) = postSolution
		SolutionGuid = {FB15E425-E755-4A77-95F9-A92EEC819374}
	EndGlobalSection
EndGlobal
