
Microsoft Visual Studio Solution File, Format Version 12.00
# Visual Studio Version 16
VisualStudioVersion = 16.0.34301.259
MinimumVisualStudioVersion = 10.0.40219.1
Project("{FAE04EC0-301F-11D3-BF4B-00C04F79EFBC}") = "EjemParalelo5", "EjemParalelo5\EjemParalelo5.csproj", "{3D1CA6FC-2B69-4B35-906A-50AAF3B5DA12}"
EndProject
Global
	GlobalSection(SolutionConfigurationPlatforms) = preSolution
		Debug|Any CPU = Debug|Any CPU
		Release|Any CPU = Release|Any CPU
	EndGlobalSection
	GlobalSection(ProjectConfigurationPlatforms) = postSolution
		{3D1CA6FC-2B69-4B35-906A-50AAF3B5DA12}.Debug|Any CPU.ActiveCfg = Debug|Any CPU
		{3D1CA6FC-2B69-4B35-906A-50AAF3B5DA12}.Debug|Any CPU.Build.0 = Debug|Any CPU
		{3D1CA6FC-2B69-4B35-906A-50AAF3B5DA12}.Release|Any CPU.ActiveCfg = Release|Any CPU
		{3D1CA6FC-2B69-4B35-906A-50AAF3B5DA12}.Release|Any CPU.Build.0 = Release|Any CPU
	EndGlobalSection
	GlobalSection(SolutionProperties) = preSolution
		HideSolutionNode = FALSE
	EndGlobalSection
	GlobalSection(ExtensibilityGlobals) = postSolution
		SolutionGuid = {C589292F-75A6-4B26-A590-6DC9878A008A}
	EndGlobalSection
EndGlobal
